
Microsoft Visual Studio Solution File, Format Version 12.00
# Visual Studio 2012
Project("{FAE04EC0-301F-11D3-BF4B-00C04F79EFBC}") = "Library_CourseWorkDB", "Library_CourseWorkDB\Library_CourseWorkDB.csproj", "{121B90BF-8EB3-4AE7-B76F-98DAFBC5E37F}"
EndProject
Global
	GlobalSection(SolutionConfigurationPlatforms) = preSolution
		Debug|Any CPU = Debug|Any CPU
		Release|Any CPU = Release|Any CPU
	EndGlobalSection
	GlobalSection(ProjectConfigurationPlatforms) = postSolution
		{121B90BF-8EB3-4AE7-B76F-98DAFBC5E37F}.Debug|Any CPU.ActiveCfg = Debug|Any CPU
		{121B90BF-8EB3-4AE7-B76F-98DAFBC5E37F}.Debug|Any CPU.Build.0 = Debug|Any CPU
		{121B90BF-8EB3-4AE7-B76F-98DAFBC5E37F}.Release|Any CPU.ActiveCfg = Release|Any CPU
		{121B90BF-8EB3-4AE7-B76F-98DAFBC5E37F}.Release|Any CPU.Build.0 = Release|Any CPU
	EndGlobalSection
	GlobalSection(SolutionProperties) = preSolution
		HideSolutionNode = FALSE
	EndGlobalSection
EndGlobal
